
Microsoft Visual Studio Solution File, Format Version 12.00
# Visual Studio 15
VisualStudioVersion = 15.0.27130.2036
MinimumVisualStudioVersion = 10.0.40219.1
Project("{FAE04EC0-301F-11D3-BF4B-00C04F79EFBC}") = "Selenium", "UnitTestProject1\Selenium.csproj", "{879D2106-58A6-46AD-AA04-5A875725A2FC}"
EndProject
Global
	GlobalSection(SolutionConfigurationPlatforms) = preSolution
		Debug|Any CPU = Debug|Any CPU
		Release|Any CPU = Release|Any CPU
	EndGlobalSection
	GlobalSection(ProjectConfigurationPlatforms) = postSolution
		{879D2106-58A6-46AD-AA04-5A875725A2FC}.Debug|Any CPU.ActiveCfg = Debug|Any CPU
		{879D2106-58A6-46AD-AA04-5A875725A2FC}.Debug|Any CPU.Build.0 = Debug|Any CPU
		{879D2106-58A6-46AD-AA04-5A875725A2FC}.Release|Any CPU.ActiveCfg = Release|Any CPU
		{879D2106-58A6-46AD-AA04-5A875725A2FC}.Release|Any CPU.Build.0 = Release|Any CPU
	EndGlobalSection
	GlobalSection(SolutionProperties) = preSolution
		HideSolutionNode = FALSE
	EndGlobalSection
	GlobalSection(ExtensibilityGlobals) = postSolution
		SolutionGuid = {8B0F32C0-FDB9-403A-829A-80C4093536FB}
	EndGlobalSection
EndGlobal
